
Microsoft Visual Studio Solution File, Format Version 12.00
# Visual Studio Version 16
VisualStudioVersion = 16.0.34931.43
MinimumVisualStudioVersion = 10.0.40219.1
Project("{FAE04EC0-301F-11D3-BF4B-00C04F79EFBC}") = "ModbusTcp-Inovance", "ModbusTcp-Inovance\ModbusTcp-Inovance.csproj", "{5862713D-2966-4408-824D-11E7A34C0A8C}"
EndProject
Project("{FAE04EC0-301F-11D3-BF4B-00C04F79EFBC}") = "Inovance", "Inovance\Inovance.csproj", "{F1E57A62-55EB-426E-9251-FCA6FA5307F1}"
EndProject
Global
	GlobalSection(SolutionConfigurationPlatforms) = preSolution
		Debug|Any CPU = Debug|Any CPU
		Release|Any CPU = Release|Any CPU
	EndGlobalSection
	GlobalSection(ProjectConfigurationPlatforms) = postSolution
		{5862713D-2966-4408-824D-11E7A34C0A8C}.Debug|Any CPU.ActiveCfg = Debug|Any CPU
		{5862713D-2966-4408-824D-11E7A34C0A8C}.Debug|Any CPU.Build.0 = Debug|Any CPU
		{5862713D-2966-4408-824D-11E7A34C0A8C}.Release|Any CPU.ActiveCfg = Release|Any CPU
		{5862713D-2966-4408-824D-11E7A34C0A8C}.Release|Any CPU.Build.0 = Release|Any CPU
		{F1E57A62-55EB-426E-9251-FCA6FA5307F1}.Debug|Any CPU.ActiveCfg = Debug|Any CPU
		{F1E57A62-55EB-426E-9251-FCA6FA5307F1}.Debug|Any CPU.Build.0 = Debug|Any CPU
		{F1E57A62-55EB-426E-9251-FCA6FA5307F1}.Release|Any CPU.ActiveCfg = Release|Any CPU
		{F1E57A62-55EB-426E-9251-FCA6FA5307F1}.Release|Any CPU.Build.0 = Release|Any CPU
	EndGlobalSection
	GlobalSection(SolutionProperties) = preSolution
		HideSolutionNode = FALSE
	EndGlobalSection
	GlobalSection(ExtensibilityGlobals) = postSolution
		SolutionGuid = {4B6E3AE4-976F-479B-9362-DD6911A7C2E4}
	EndGlobalSection
EndGlobal
